
Microsoft Visual Studio Solution File, Format Version 12.00
# Visual Studio Version 16
VisualStudioVersion = 16.0.29418.71
MinimumVisualStudioVersion = 10.0.40219.1
Project("{FAE04EC0-301F-11D3-BF4B-00C04F79EFBC}") = "Sklep Internetowy", "Sklep Internetowy\Sklep Internetowy.csproj", "{AEB33B43-7CFC-4022-97F0-A692B3C86EAA}"
EndProject
Global
	GlobalSection(SolutionConfigurationPlatforms) = preSolution
		Debug|Any CPU = Debug|Any CPU
		Release|Any CPU = Release|Any CPU
	EndGlobalSection
	GlobalSection(ProjectConfigurationPlatforms) = postSolution
		{AEB33B43-7CFC-4022-97F0-A692B3C86EAA}.Debug|Any CPU.ActiveCfg = Debug|Any CPU
		{AEB33B43-7CFC-4022-97F0-A692B3C86EAA}.Debug|Any CPU.Build.0 = Debug|Any CPU
		{AEB33B43-7CFC-4022-97F0-A692B3C86EAA}.Release|Any CPU.ActiveCfg = Release|Any CPU
		{AEB33B43-7CFC-4022-97F0-A692B3C86EAA}.Release|Any CPU.Build.0 = Release|Any CPU
	EndGlobalSection
	GlobalSection(SolutionProperties) = preSolution
		HideSolutionNode = FALSE
	EndGlobalSection
	GlobalSection(ExtensibilityGlobals) = postSolution
		SolutionGuid = {E730106D-B47C-4679-970A-FB210A32514E}
	EndGlobalSection
EndGlobal
